
Microsoft Visual Studio Solution File, Format Version 12.00
# Visual Studio Version 17
VisualStudioVersion = 17.14.36221.1
MinimumVisualStudioVersion = 10.0.40219.1
Project("{FAE04EC0-301F-11D3-BF4B-00C04F79EFBC}") = "DailyPerformanceDashboard", "DailyPerformanceDashboard\DailyPerformanceDashboard.csproj", "{DDF8A6ED-23F6-4715-B8BE-A6B4C3C9527F}"
EndProject
Project("{FAE04EC0-301F-11D3-BF4B-00C04F79EFBC}") = "DailyPerformanceDashboard.Tests", "DailyPerformanceDashboard.Tests\DailyPerformanceDashboard.Tests.csproj", "{1C0BED52-98DA-47C9-99E2-CFA77E80DF16}"
EndProject
Project("{2150E333-8FDC-42A3-9474-1A3956D46DE8}") = "docs", "docs", "{02EA681E-C7D8-13C7-8484-4AC65E1B71E8}"
	ProjectSection(SolutionItems) = preProject
		..\..\..\Desktop\Projekt Doku Finish\BioHacking Hub Dokumentation (DailyPerformanceDashboard).pdf = ..\..\..\Desktop\Projekt Doku Finish\BioHacking Hub Dokumentation (DailyPerformanceDashboard).pdf
	EndProjectSection
EndProject
Global
	GlobalSection(SolutionConfigurationPlatforms) = preSolution
		Debug|Any CPU = Debug|Any CPU
		Release|Any CPU = Release|Any CPU
	EndGlobalSection
	GlobalSection(ProjectConfigurationPlatforms) = postSolution
		{DDF8A6ED-23F6-4715-B8BE-A6B4C3C9527F}.Debug|Any CPU.ActiveCfg = Debug|Any CPU
		{DDF8A6ED-23F6-4715-B8BE-A6B4C3C9527F}.Debug|Any CPU.Build.0 = Debug|Any CPU
		{DDF8A6ED-23F6-4715-B8BE-A6B4C3C9527F}.Release|Any CPU.ActiveCfg = Release|Any CPU
		{DDF8A6ED-23F6-4715-B8BE-A6B4C3C9527F}.Release|Any CPU.Build.0 = Release|Any CPU
		{1C0BED52-98DA-47C9-99E2-CFA77E80DF16}.Debug|Any CPU.ActiveCfg = Debug|Any CPU
		{1C0BED52-98DA-47C9-99E2-CFA77E80DF16}.Debug|Any CPU.Build.0 = Debug|Any CPU
		{1C0BED52-98DA-47C9-99E2-CFA77E80DF16}.Release|Any CPU.ActiveCfg = Release|Any CPU
		{1C0BED52-98DA-47C9-99E2-CFA77E80DF16}.Release|Any CPU.Build.0 = Release|Any CPU
	EndGlobalSection
	GlobalSection(SolutionProperties) = preSolution
		HideSolutionNode = FALSE
	EndGlobalSection
	GlobalSection(ExtensibilityGlobals) = postSolution
		SolutionGuid = {F339EB6E-1D8F-4E1B-A67E-BB5BEDE0FEC4}
	EndGlobalSection
EndGlobal
